
Microsoft Visual Studio Solution File, Format Version 12.00
# Visual Studio Version 17
VisualStudioVersion = 17.2.32516.85
MinimumVisualStudioVersion = 10.0.40219.1
Project("{FAE04EC0-301F-11D3-BF4B-00C04F79EFBC}") = "KampIntro", "KampIntro\KampIntro.csproj", "{CE00D2DE-80F3-4467-AEEC-2EBB21812462}"
EndProject
Project("{FAE04EC0-301F-11D3-BF4B-00C04F79EFBC}") = "Donguler", "Donguler\Donguler.csproj", "{4CA111AE-5B5E-47BB-BEED-ACFEF2B4A7FC}"
EndProject
Project("{FAE04EC0-301F-11D3-BF4B-00C04F79EFBC}") = "ClassIntro", "ClassIntro\ClassIntro.csproj", "{290BC18C-05DA-4385-BE72-22B42DF3C3A8}"
EndProject
Project("{FAE04EC0-301F-11D3-BF4B-00C04F79EFBC}") = "KampIntro2.GunOdevi", "KampIntro2.GunOdevi\KampIntro2.GunOdevi.csproj", "{8A665662-D7A5-4F7A-BBD3-F7D83BD917AA}"
EndProject
Project("{FAE04EC0-301F-11D3-BF4B-00C04F79EFBC}") = "Metotlar", "Metotlar\Metotlar.csproj", "{149BB218-5AAC-4FE7-906A-3A98805EA65F}"
EndProject
Project("{FAE04EC0-301F-11D3-BF4B-00C04F79EFBC}") = "Math", "Math\Math.csproj", "{54BA3A35-CB44-4E65-9F6A-F4CE5451FD10}"
EndProject
Project("{FAE04EC0-301F-11D3-BF4B-00C04F79EFBC}") = "DegerVeReferansTipler", "DegerVeReferansTipler\DegerVeReferansTipler.csproj", "{B14CE667-87ED-4927-A346-0CC78F063CF3}"
EndProject
Project("{FAE04EC0-301F-11D3-BF4B-00C04F79EFBC}") = "ClassDemoMetot", "ClassDemoMetot\ClassDemoMetot.csproj", "{1CEAD743-C6FE-4602-88E6-C95F08CDD770}"
EndProject
Project("{FAE04EC0-301F-11D3-BF4B-00C04F79EFBC}") = "OOP1", "OOP1\OOP1.csproj", "{EACF6508-E64F-4BE9-8452-C96F7AA4F7FD}"
EndProject
Project("{FAE04EC0-301F-11D3-BF4B-00C04F79EFBC}") = "Koleksiyonlar", "Koleksiyonlar\Koleksiyonlar.csproj", "{5CC98D81-A151-4D16-A964-F43E5F395CE5}"
EndProject
Project("{FAE04EC0-301F-11D3-BF4B-00C04F79EFBC}") = "GenericsIntro", "GenericsIntro\GenericsIntro.csproj", "{CBDD2B95-A121-48FF-A58E-0050B034F7F5}"
EndProject
Project("{FAE04EC0-301F-11D3-BF4B-00C04F79EFBC}") = "ReferanceTypes", "ReferanceTypes\ReferanceTypes.csproj", "{F8853A96-222F-4C72-BFCF-4DF16673B5C8}"
EndProject
Project("{FAE04EC0-301F-11D3-BF4B-00C04F79EFBC}") = "Constructors", "Constructors\Constructors.csproj", "{88A54592-2A23-410A-96B2-EE42B48B26CE}"
EndProject
Project("{FAE04EC0-301F-11D3-BF4B-00C04F79EFBC}") = "Generics", "Generics\Generics.csproj", "{8DBBBD92-B2FA-4D96-8D38-D133CC8C0D1D}"
EndProject
Project("{FAE04EC0-301F-11D3-BF4B-00C04F79EFBC}") = "MyDictionary", "MyDictionary\MyDictionary.csproj", "{0C943A87-16E9-4E44-B070-9514333F8BD2}"
EndProject
Project("{FAE04EC0-301F-11D3-BF4B-00C04F79EFBC}") = "OOP2", "OOP2\OOP2.csproj", "{D29BA377-B108-416F-B348-FB99D52A37A6}"
EndProject
Project("{FAE04EC0-301F-11D3-BF4B-00C04F79EFBC}") = "OOP3", "OOP3\OOP3.csproj", "{78D034AA-7FFB-4E33-AE0F-32B7341D5146}"
EndProject
Project("{FAE04EC0-301F-11D3-BF4B-00C04F79EFBC}") = "Classes", "Classes\Classes.csproj", "{E94321E5-415E-4A6B-A2F1-BB4138956661}"
EndProject
Project("{FAE04EC0-301F-11D3-BF4B-00C04F79EFBC}") = "RecapDemo1", "RecapDemo1\RecapDemo1.csproj", "{55C2B16C-826B-48C1-9087-08565EAB7668}"
EndProject
Project("{FAE04EC0-301F-11D3-BF4B-00C04F79EFBC}") = "İnterfaces", "İnterfaces\İnterfaces.csproj", "{CFD8107D-3EC9-45BA-B2A3-490F246519D0}"
EndProject
Project("{FAE04EC0-301F-11D3-BF4B-00C04F79EFBC}") = "İnterfaces Demo", "İnterfaces Demo\İnterfaces Demo.csproj", "{B175DEB7-B4DB-42D2-93FE-DC3854C52A20}"
EndProject
Project("{FAE04EC0-301F-11D3-BF4B-00C04F79EFBC}") = "İnheritance", "İnheritance\İnheritance.csproj", "{016205DE-75A7-48FF-B5B4-0F9EAE25EE53}"
EndProject
Project("{FAE04EC0-301F-11D3-BF4B-00C04F79EFBC}") = "İnterfaces2", "İnterfaces2\İnterfaces2.csproj", "{B2518047-5E6A-4CB0-B2DF-B74991E6B0EB}"
EndProject
Project("{FAE04EC0-301F-11D3-BF4B-00C04F79EFBC}") = "AbstractClasses", "AbstractClasses\AbstractClasses.csproj", "{C2BDBC02-C523-4822-B55F-D02AAE3A3226}"
EndProject
Project("{FAE04EC0-301F-11D3-BF4B-00C04F79EFBC}") = "InterfaceAbstractDemo", "InterfaceAbstractDemo\InterfaceAbstractDemo.csproj", "{C8D78A34-9061-4724-A187-D4CF4247D207}"
EndProject
Global
	GlobalSection(SolutionConfigurationPlatforms) = preSolution
		Debug|Any CPU = Debug|Any CPU
		Release|Any CPU = Release|Any CPU
	EndGlobalSection
	GlobalSection(ProjectConfigurationPlatforms) = postSolution
		{CE00D2DE-80F3-4467-AEEC-2EBB21812462}.Debug|Any CPU.ActiveCfg = Debug|Any CPU
		{CE00D2DE-80F3-4467-AEEC-2EBB21812462}.Debug|Any CPU.Build.0 = Debug|Any CPU
		{CE00D2DE-80F3-4467-AEEC-2EBB21812462}.Release|Any CPU.ActiveCfg = Release|Any CPU
		{CE00D2DE-80F3-4467-AEEC-2EBB21812462}.Release|Any CPU.Build.0 = Release|Any CPU
		{4CA111AE-5B5E-47BB-BEED-ACFEF2B4A7FC}.Debug|Any CPU.ActiveCfg = Debug|Any CPU
		{4CA111AE-5B5E-47BB-BEED-ACFEF2B4A7FC}.Debug|Any CPU.Build.0 = Debug|Any CPU
		{4CA111AE-5B5E-47BB-BEED-ACFEF2B4A7FC}.Release|Any CPU.ActiveCfg = Release|Any CPU
		{4CA111AE-5B5E-47BB-BEED-ACFEF2B4A7FC}.Release|Any CPU.Build.0 = Release|Any CPU
		{290BC18C-05DA-4385-BE72-22B42DF3C3A8}.Debug|Any CPU.ActiveCfg = Debug|Any CPU
		{290BC18C-05DA-4385-BE72-22B42DF3C3A8}.Debug|Any CPU.Build.0 = Debug|Any CPU
		{290BC18C-05DA-4385-BE72-22B42DF3C3A8}.Release|Any CPU.ActiveCfg = Release|Any CPU
		{290BC18C-05DA-4385-BE72-22B42DF3C3A8}.Release|Any CPU.Build.0 = Release|Any CPU
		{8A665662-D7A5-4F7A-BBD3-F7D83BD917AA}.Debug|Any CPU.ActiveCfg = Debug|Any CPU
		{8A665662-D7A5-4F7A-BBD3-F7D83BD917AA}.Debug|Any CPU.Build.0 = Debug|Any CPU
		{8A665662-D7A5-4F7A-BBD3-F7D83BD917AA}.Release|Any CPU.ActiveCfg = Release|Any CPU
		{8A665662-D7A5-4F7A-BBD3-F7D83BD917AA}.Release|Any CPU.Build.0 = Release|Any CPU
		{149BB218-5AAC-4FE7-906A-3A98805EA65F}.Debug|Any CPU.ActiveCfg = Debug|Any CPU
		{149BB218-5AAC-4FE7-906A-3A98805EA65F}.Debug|Any CPU.Build.0 = Debug|Any CPU
		{149BB218-5AAC-4FE7-906A-3A98805EA65F}.Release|Any CPU.ActiveCfg = Release|Any CPU
		{149BB218-5AAC-4FE7-906A-3A98805EA65F}.Release|Any CPU.Build.0 = Release|Any CPU
		{54BA3A35-CB44-4E65-9F6A-F4CE5451FD10}.Debug|Any CPU.ActiveCfg = Debug|Any CPU
		{54BA3A35-CB44-4E65-9F6A-F4CE5451FD10}.Debug|Any CPU.Build.0 = Debug|Any CPU
		{54BA3A35-CB44-4E65-9F6A-F4CE5451FD10}.Release|Any CPU.ActiveCfg = Release|Any CPU
		{54BA3A35-CB44-4E65-9F6A-F4CE5451FD10}.Release|Any CPU.Build.0 = Release|Any CPU
		{B14CE667-87ED-4927-A346-0CC78F063CF3}.Debug|Any CPU.ActiveCfg = Debug|Any CPU
		{B14CE667-87ED-4927-A346-0CC78F063CF3}.Debug|Any CPU.Build.0 = Debug|Any CPU
		{B14CE667-87ED-4927-A346-0CC78F063CF3}.Release|Any CPU.ActiveCfg = Release|Any CPU
		{B14CE667-87ED-4927-A346-0CC78F063CF3}.Release|Any CPU.Build.0 = Release|Any CPU
		{1CEAD743-C6FE-4602-88E6-C95F08CDD770}.Debug|Any CPU.ActiveCfg = Debug|Any CPU
		{1CEAD743-C6FE-4602-88E6-C95F08CDD770}.Debug|Any CPU.Build.0 = Debug|Any CPU
		{1CEAD743-C6FE-4602-88E6-C95F08CDD770}.Release|Any CPU.ActiveCfg = Release|Any CPU
		{1CEAD743-C6FE-4602-88E6-C95F08CDD770}.Release|Any CPU.Build.0 = Release|Any CPU
		{EACF6508-E64F-4BE9-8452-C96F7AA4F7FD}.Debug|Any CPU.ActiveCfg = Debug|Any CPU
		{EACF6508-E64F-4BE9-8452-C96F7AA4F7FD}.Debug|Any CPU.Build.0 = Debug|Any CPU
		{EACF6508-E64F-4BE9-8452-C96F7AA4F7FD}.Release|Any CPU.ActiveCfg = Release|Any CPU
		{EACF6508-E64F-4BE9-8452-C96F7AA4F7FD}.Release|Any CPU.Build.0 = Release|Any CPU
		{5CC98D81-A151-4D16-A964-F43E5F395CE5}.Debug|Any CPU.ActiveCfg = Debug|Any CPU
		{5CC98D81-A151-4D16-A964-F43E5F395CE5}.Debug|Any CPU.Build.0 = Debug|Any CPU
		{5CC98D81-A151-4D16-A964-F43E5F395CE5}.Release|Any CPU.ActiveCfg = Release|Any CPU
		{5CC98D81-A151-4D16-A964-F43E5F395CE5}.Release|Any CPU.Build.0 = Release|Any CPU
		{CBDD2B95-A121-48FF-A58E-0050B034F7F5}.Debug|Any CPU.ActiveCfg = Debug|Any CPU
		{CBDD2B95-A121-48FF-A58E-0050B034F7F5}.Debug|Any CPU.Build.0 = Debug|Any CPU
		{CBDD2B95-A121-48FF-A58E-0050B034F7F5}.Release|Any CPU.ActiveCfg = Release|Any CPU
		{CBDD2B95-A121-48FF-A58E-0050B034F7F5}.Release|Any CPU.Build.0 = Release|Any CPU
		{F8853A96-222F-4C72-BFCF-4DF16673B5C8}.Debug|Any CPU.ActiveCfg = Debug|Any CPU
		{F8853A96-222F-4C72-BFCF-4DF16673B5C8}.Debug|Any CPU.Build.0 = Debug|Any CPU
		{F8853A96-222F-4C72-BFCF-4DF16673B5C8}.Release|Any CPU.ActiveCfg = Release|Any CPU
		{F8853A96-222F-4C72-BFCF-4DF16673B5C8}.Release|Any CPU.Build.0 = Release|Any CPU
		{88A54592-2A23-410A-96B2-EE42B48B26CE}.Debug|Any CPU.ActiveCfg = Debug|Any CPU
		{88A54592-2A23-410A-96B2-EE42B48B26CE}.Debug|Any CPU.Build.0 = Debug|Any CPU
		{88A54592-2A23-410A-96B2-EE42B48B26CE}.Release|Any CPU.ActiveCfg = Release|Any CPU
		{88A54592-2A23-410A-96B2-EE42B48B26CE}.Release|Any CPU.Build.0 = Release|Any CPU
		{8DBBBD92-B2FA-4D96-8D38-D133CC8C0D1D}.Debug|Any CPU.ActiveCfg = Debug|Any CPU
		{8DBBBD92-B2FA-4D96-8D38-D133CC8C0D1D}.Debug|Any CPU.Build.0 = Debug|Any CPU
		{8DBBBD92-B2FA-4D96-8D38-D133CC8C0D1D}.Release|Any CPU.ActiveCfg = Release|Any CPU
		{8DBBBD92-B2FA-4D96-8D38-D133CC8C0D1D}.Release|Any CPU.Build.0 = Release|Any CPU
		{0C943A87-16E9-4E44-B070-9514333F8BD2}.Debug|Any CPU.ActiveCfg = Debug|Any CPU
		{0C943A87-16E9-4E44-B070-9514333F8BD2}.Debug|Any CPU.Build.0 = Debug|Any CPU
		{0C943A87-16E9-4E44-B070-9514333F8BD2}.Release|Any CPU.ActiveCfg = Release|Any CPU
		{0C943A87-16E9-4E44-B070-9514333F8BD2}.Release|Any CPU.Build.0 = Release|Any CPU
		{D29BA377-B108-416F-B348-FB99D52A37A6}.Debug|Any CPU.ActiveCfg = Debug|Any CPU
		{D29BA377-B108-416F-B348-FB99D52A37A6}.Debug|Any CPU.Build.0 = Debug|Any CPU
		{D29BA377-B108-416F-B348-FB99D52A37A6}.Release|Any CPU.ActiveCfg = Release|Any CPU
		{D29BA377-B108-416F-B348-FB99D52A37A6}.Release|Any CPU.Build.0 = Release|Any CPU
		{78D034AA-7FFB-4E33-AE0F-32B7341D5146}.Debug|Any CPU.ActiveCfg = Debug|Any CPU
		{78D034AA-7FFB-4E33-AE0F-32B7341D5146}.Debug|Any CPU.Build.0 = Debug|Any CPU
		{78D034AA-7FFB-4E33-AE0F-32B7341D5146}.Release|Any CPU.ActiveCfg = Release|Any CPU
		{78D034AA-7FFB-4E33-AE0F-32B7341D5146}.Release|Any CPU.Build.0 = Release|Any CPU
		{E94321E5-415E-4A6B-A2F1-BB4138956661}.Debug|Any CPU.ActiveCfg = Debug|Any CPU
		{E94321E5-415E-4A6B-A2F1-BB4138956661}.Debug|Any CPU.Build.0 = Debug|Any CPU
		{E94321E5-415E-4A6B-A2F1-BB4138956661}.Release|Any CPU.ActiveCfg = Release|Any CPU
		{E94321E5-415E-4A6B-A2F1-BB4138956661}.Release|Any CPU.Build.0 = Release|Any CPU
		{55C2B16C-826B-48C1-9087-08565EAB7668}.Debug|Any CPU.ActiveCfg = Debug|Any CPU
		{55C2B16C-826B-48C1-9087-08565EAB7668}.Debug|Any CPU.Build.0 = Debug|Any CPU
		{55C2B16C-826B-48C1-9087-08565EAB7668}.Release|Any CPU.ActiveCfg = Release|Any CPU
		{55C2B16C-826B-48C1-9087-08565EAB7668}.Release|Any CPU.Build.0 = Release|Any CPU
		{CFD8107D-3EC9-45BA-B2A3-490F246519D0}.Debug|Any CPU.ActiveCfg = Debug|Any CPU
		{CFD8107D-3EC9-45BA-B2A3-490F246519D0}.Debug|Any CPU.Build.0 = Debug|Any CPU
		{CFD8107D-3EC9-45BA-B2A3-490F246519D0}.Release|Any CPU.ActiveCfg = Release|Any CPU
		{CFD8107D-3EC9-45BA-B2A3-490F246519D0}.Release|Any CPU.Build.0 = Release|Any CPU
		{B175DEB7-B4DB-42D2-93FE-DC3854C52A20}.Debug|Any CPU.ActiveCfg = Debug|Any CPU
		{B175DEB7-B4DB-42D2-93FE-DC3854C52A20}.Debug|Any CPU.Build.0 = Debug|Any CPU
		{B175DEB7-B4DB-42D2-93FE-DC3854C52A20}.Release|Any CPU.ActiveCfg = Release|Any CPU
		{B175DEB7-B4DB-42D2-93FE-DC3854C52A20}.Release|Any CPU.Build.0 = Release|Any CPU
		{016205DE-75A7-48FF-B5B4-0F9EAE25EE53}.Debug|Any CPU.ActiveCfg = Debug|Any CPU
		{016205DE-75A7-48FF-B5B4-0F9EAE25EE53}.Debug|Any CPU.Build.0 = Debug|Any CPU
		{016205DE-75A7-48FF-B5B4-0F9EAE25EE53}.Release|Any CPU.ActiveCfg = Release|Any CPU
		{016205DE-75A7-48FF-B5B4-0F9EAE25EE53}.Release|Any CPU.Build.0 = Release|Any CPU
		{B2518047-5E6A-4CB0-B2DF-B74991E6B0EB}.Debug|Any CPU.ActiveCfg = Debug|Any CPU
		{B2518047-5E6A-4CB0-B2DF-B74991E6B0EB}.Debug|Any CPU.Build.0 = Debug|Any CPU
		{B2518047-5E6A-4CB0-B2DF-B74991E6B0EB}.Release|Any CPU.ActiveCfg = Release|Any CPU
		{B2518047-5E6A-4CB0-B2DF-B74991E6B0EB}.Release|Any CPU.Build.0 = Release|Any CPU
		{C2BDBC02-C523-4822-B55F-D02AAE3A3226}.Debug|Any CPU.ActiveCfg = Debug|Any CPU
		{C2BDBC02-C523-4822-B55F-D02AAE3A3226}.Debug|Any CPU.Build.0 = Debug|Any CPU
		{C2BDBC02-C523-4822-B55F-D02AAE3A3226}.Release|Any CPU.ActiveCfg = Release|Any CPU
		{C2BDBC02-C523-4822-B55F-D02AAE3A3226}.Release|Any CPU.Build.0 = Release|Any CPU
		{C8D78A34-9061-4724-A187-D4CF4247D207}.Debug|Any CPU.ActiveCfg = Debug|Any CPU
		{C8D78A34-9061-4724-A187-D4CF4247D207}.Debug|Any CPU.Build.0 = Debug|Any CPU
		{C8D78A34-9061-4724-A187-D4CF4247D207}.Release|Any CPU.ActiveCfg = Release|Any CPU
		{C8D78A34-9061-4724-A187-D4CF4247D207}.Release|Any CPU.Build.0 = Release|Any CPU
	EndGlobalSection
	GlobalSection(SolutionProperties) = preSolution
		HideSolutionNode = FALSE
	EndGlobalSection
	GlobalSection(ExtensibilityGlobals) = postSolution
		SolutionGuid = {080DA0A1-699F-49EE-BC6C-A5D9C88F75F1}
	EndGlobalSection
EndGlobal
